
Microsoft Visual Studio Solution File, Format Version 12.00
# Visual Studio Version 16
VisualStudioVersion = 16.0.33027.164
MinimumVisualStudioVersion = 10.0.40219.1
Project("{8BC9CEB8-8B4A-11D0-8D11-00A0C91BC942}") = "ConsoleDemo", "ConsoleDemo\ConsoleDemo.vcxproj", "{DBCD82A4-CA36-4D39-BAFC-C3F89E9C6139}"
EndProject
Project("{8BC9CEB8-8B4A-11D0-8D11-00A0C91BC942}") = "RemoteFocusConsoleDemo", "RemoteFocusConsoleDemo\RemoteFocusConsoleDemo.vcxproj", "{69B957AF-6A62-4DEA-B6E0-58FC06F7F073}"
EndProject
Project("{FAE04EC0-301F-11D3-BF4B-00C04F79EFBC}") = "ConsoleDemoCs", "CS_ConsoleDemo_Windows\ConsoleDemoCs.csproj", "{117AF16A-E009-4AD1-8F21-BDFACC4B7594}"
EndProject
Project("{FAE04EC0-301F-11D3-BF4B-00C04F79EFBC}") = "GigeCameraCtrlSample", "CS_GigeCameraCtrlSample\GigeCameraCtrlSample.csproj", "{F45D5C7F-04EB-4C33-A81C-B1DB80C0D0C6}"
EndProject
Project("{2150E333-8FDC-42A3-9474-1A3956D46DE8}") = "Solution Items", "Solution Items", "{9A98171C-0959-4C73-BF97-BAA74BEC60AB}"
	ProjectSection(SolutionItems) = preProject
		.editorconfig = .editorconfig
	EndProjectSection
EndProject
Global
	GlobalSection(SolutionConfigurationPlatforms) = preSolution
		Debug|x64 = Debug|x64
		Release|x64 = Release|x64
	EndGlobalSection
	GlobalSection(ProjectConfigurationPlatforms) = postSolution
		{DBCD82A4-CA36-4D39-BAFC-C3F89E9C6139}.Debug|x64.ActiveCfg = Debug|x64
		{DBCD82A4-CA36-4D39-BAFC-C3F89E9C6139}.Debug|x64.Build.0 = Debug|x64
		{DBCD82A4-CA36-4D39-BAFC-C3F89E9C6139}.Release|x64.ActiveCfg = Release|x64
		{DBCD82A4-CA36-4D39-BAFC-C3F89E9C6139}.Release|x64.Build.0 = Release|x64
		{69B957AF-6A62-4DEA-B6E0-58FC06F7F073}.Debug|x64.ActiveCfg = Debug|x64
		{69B957AF-6A62-4DEA-B6E0-58FC06F7F073}.Debug|x64.Build.0 = Debug|x64
		{69B957AF-6A62-4DEA-B6E0-58FC06F7F073}.Release|x64.ActiveCfg = Release|x64
		{69B957AF-6A62-4DEA-B6E0-58FC06F7F073}.Release|x64.Build.0 = Release|x64
		{117AF16A-E009-4AD1-8F21-BDFACC4B7594}.Debug|x64.ActiveCfg = Debug|x64
		{117AF16A-E009-4AD1-8F21-BDFACC4B7594}.Debug|x64.Build.0 = Debug|x64
		{117AF16A-E009-4AD1-8F21-BDFACC4B7594}.Release|x64.ActiveCfg = Release|x64
		{117AF16A-E009-4AD1-8F21-BDFACC4B7594}.Release|x64.Build.0 = Release|x64
		{F45D5C7F-04EB-4C33-A81C-B1DB80C0D0C6}.Debug|x64.ActiveCfg = Debug|x64
		{F45D5C7F-04EB-4C33-A81C-B1DB80C0D0C6}.Debug|x64.Build.0 = Debug|x64
		{F45D5C7F-04EB-4C33-A81C-B1DB80C0D0C6}.Release|x64.ActiveCfg = Release|x64
		{F45D5C7F-04EB-4C33-A81C-B1DB80C0D0C6}.Release|x64.Build.0 = Release|x64
	EndGlobalSection
	GlobalSection(SolutionProperties) = preSolution
		HideSolutionNode = FALSE
	EndGlobalSection
	GlobalSection(ExtensibilityGlobals) = postSolution
		SolutionGuid = {CDFDBFF3-C659-465E-B2A5-8AA89E6A930F}
	EndGlobalSection
EndGlobal
